
Microsoft Visual Studio Solution File, Format Version 12.00
# Visual Studio Version 16
VisualStudioVersion = 16.0.30803.129
MinimumVisualStudioVersion = 15.0.26124.0
Project("{9A19103F-16F7-4668-BE54-9A1E7A4F7556}") = "Spprologa", "Spprologa\Spprologa.csproj", "{C7C6333B-6B6D-43DC-BC68-EB304885208E}"
EndProject
Project("{2150E333-8FDC-42A3-9474-1A3956D46DE8}") = "SampleSite", "SampleSite", "{403D5C58-1540-4340-ABB1-A1AB363EC065}"
EndProject
Project("{9A19103F-16F7-4668-BE54-9A1E7A4F7556}") = "SpprologaApp1", "SampleSite\SpprologaApp1\SpprologaApp1.csproj", "{83022EC3-FF29-4E95-858D-AEAE0FAB41F0}"
EndProject
Project("{9A19103F-16F7-4668-BE54-9A1E7A4F7556}") = "Spprologa.Test", "Spprologa.Test\Spprologa.Test.csproj", "{03958093-8A38-41B0-9406-19DB342FBDAA}"
EndProject
Project("{2150E333-8FDC-42A3-9474-1A3956D46DE8}") = "- Solution Items -", "- Solution Items -", "{E7B92935-97C9-4E87-BE43-393140AE6F27}"
	ProjectSection(SolutionItems) = preProject
		.github\workflows\gh-pages.yml = .github\workflows\gh-pages.yml
	EndProjectSection
EndProject
Project("{2150E333-8FDC-42A3-9474-1A3956D46DE8}") = "- README -", "- README -", "{ABBA8E49-8EF0-4675-AFCB-3BE7388E2B78}"
	ProjectSection(SolutionItems) = preProject
		README.md = README.md
		RELEASE-NOTES.txt = RELEASE-NOTES.txt
	EndProjectSection
EndProject
Project("{9A19103F-16F7-4668-BE54-9A1E7A4F7556}") = "Spprologa.Abstractions", "Spprologa.Abstractions\Spprologa.Abstractions.csproj", "{6B37CA28-39C5-412D-B9C3-395BF96443AE}"
EndProject
Project("{FAE04EC0-301F-11D3-BF4B-00C04F79EFBC}") = "Spprologa.CSPrologAdapter", "Spprologa.CSPrologAdapter\Spprologa.CSPrologAdapter.csproj", "{7943AE90-4CBC-4356-8B5E-DBD20607BE40}"
EndProject
Global
	GlobalSection(SolutionConfigurationPlatforms) = preSolution
		Debug|Any CPU = Debug|Any CPU
		Debug|x64 = Debug|x64
		Debug|x86 = Debug|x86
		Release|Any CPU = Release|Any CPU
		Release|x64 = Release|x64
		Release|x86 = Release|x86
	EndGlobalSection
	GlobalSection(ProjectConfigurationPlatforms) = postSolution
		{C7C6333B-6B6D-43DC-BC68-EB304885208E}.Debug|Any CPU.ActiveCfg = Debug|Any CPU
		{C7C6333B-6B6D-43DC-BC68-EB304885208E}.Debug|Any CPU.Build.0 = Debug|Any CPU
		{C7C6333B-6B6D-43DC-BC68-EB304885208E}.Debug|x64.ActiveCfg = Debug|Any CPU
		{C7C6333B-6B6D-43DC-BC68-EB304885208E}.Debug|x64.Build.0 = Debug|Any CPU
		{C7C6333B-6B6D-43DC-BC68-EB304885208E}.Debug|x86.ActiveCfg = Debug|Any CPU
		{C7C6333B-6B6D-43DC-BC68-EB304885208E}.Debug|x86.Build.0 = Debug|Any CPU
		{C7C6333B-6B6D-43DC-BC68-EB304885208E}.Release|Any CPU.ActiveCfg = Release|Any CPU
		{C7C6333B-6B6D-43DC-BC68-EB304885208E}.Release|Any CPU.Build.0 = Release|Any CPU
		{C7C6333B-6B6D-43DC-BC68-EB304885208E}.Release|x64.ActiveCfg = Release|Any CPU
		{C7C6333B-6B6D-43DC-BC68-EB304885208E}.Release|x64.Build.0 = Release|Any CPU
		{C7C6333B-6B6D-43DC-BC68-EB304885208E}.Release|x86.ActiveCfg = Release|Any CPU
		{C7C6333B-6B6D-43DC-BC68-EB304885208E}.Release|x86.Build.0 = Release|Any CPU
		{83022EC3-FF29-4E95-858D-AEAE0FAB41F0}.Debug|Any CPU.ActiveCfg = Debug|Any CPU
		{83022EC3-FF29-4E95-858D-AEAE0FAB41F0}.Debug|Any CPU.Build.0 = Debug|Any CPU
		{83022EC3-FF29-4E95-858D-AEAE0FAB41F0}.Debug|x64.ActiveCfg = Debug|Any CPU
		{83022EC3-FF29-4E95-858D-AEAE0FAB41F0}.Debug|x64.Build.0 = Debug|Any CPU
		{83022EC3-FF29-4E95-858D-AEAE0FAB41F0}.Debug|x86.ActiveCfg = Debug|Any CPU
		{83022EC3-FF29-4E95-858D-AEAE0FAB41F0}.Debug|x86.Build.0 = Debug|Any CPU
		{83022EC3-FF29-4E95-858D-AEAE0FAB41F0}.Release|Any CPU.ActiveCfg = Release|Any CPU
		{83022EC3-FF29-4E95-858D-AEAE0FAB41F0}.Release|Any CPU.Build.0 = Release|Any CPU
		{83022EC3-FF29-4E95-858D-AEAE0FAB41F0}.Release|x64.ActiveCfg = Release|Any CPU
		{83022EC3-FF29-4E95-858D-AEAE0FAB41F0}.Release|x64.Build.0 = Release|Any CPU
		{83022EC3-FF29-4E95-858D-AEAE0FAB41F0}.Release|x86.ActiveCfg = Release|Any CPU
		{83022EC3-FF29-4E95-858D-AEAE0FAB41F0}.Release|x86.Build.0 = Release|Any CPU
		{03958093-8A38-41B0-9406-19DB342FBDAA}.Debug|Any CPU.ActiveCfg = Debug|Any CPU
		{03958093-8A38-41B0-9406-19DB342FBDAA}.Debug|Any CPU.Build.0 = Debug|Any CPU
		{03958093-8A38-41B0-9406-19DB342FBDAA}.Debug|x64.ActiveCfg = Debug|Any CPU
		{03958093-8A38-41B0-9406-19DB342FBDAA}.Debug|x64.Build.0 = Debug|Any CPU
		{03958093-8A38-41B0-9406-19DB342FBDAA}.Debug|x86.ActiveCfg = Debug|Any CPU
		{03958093-8A38-41B0-9406-19DB342FBDAA}.Debug|x86.Build.0 = Debug|Any CPU
		{03958093-8A38-41B0-9406-19DB342FBDAA}.Release|Any CPU.ActiveCfg = Release|Any CPU
		{03958093-8A38-41B0-9406-19DB342FBDAA}.Release|Any CPU.Build.0 = Release|Any CPU
		{03958093-8A38-41B0-9406-19DB342FBDAA}.Release|x64.ActiveCfg = Release|Any CPU
		{03958093-8A38-41B0-9406-19DB342FBDAA}.Release|x64.Build.0 = Release|Any CPU
		{03958093-8A38-41B0-9406-19DB342FBDAA}.Release|x86.ActiveCfg = Release|Any CPU
		{03958093-8A38-41B0-9406-19DB342FBDAA}.Release|x86.Build.0 = Release|Any CPU
		{6B37CA28-39C5-412D-B9C3-395BF96443AE}.Debug|Any CPU.ActiveCfg = Debug|Any CPU
		{6B37CA28-39C5-412D-B9C3-395BF96443AE}.Debug|Any CPU.Build.0 = Debug|Any CPU
		{6B37CA28-39C5-412D-B9C3-395BF96443AE}.Debug|x64.ActiveCfg = Debug|Any CPU
		{6B37CA28-39C5-412D-B9C3-395BF96443AE}.Debug|x64.Build.0 = Debug|Any CPU
		{6B37CA28-39C5-412D-B9C3-395BF96443AE}.Debug|x86.ActiveCfg = Debug|Any CPU
		{6B37CA28-39C5-412D-B9C3-395BF96443AE}.Debug|x86.Build.0 = Debug|Any CPU
		{6B37CA28-39C5-412D-B9C3-395BF96443AE}.Release|Any CPU.ActiveCfg = Release|Any CPU
		{6B37CA28-39C5-412D-B9C3-395BF96443AE}.Release|Any CPU.Build.0 = Release|Any CPU
		{6B37CA28-39C5-412D-B9C3-395BF96443AE}.Release|x64.ActiveCfg = Release|Any CPU
		{6B37CA28-39C5-412D-B9C3-395BF96443AE}.Release|x64.Build.0 = Release|Any CPU
		{6B37CA28-39C5-412D-B9C3-395BF96443AE}.Release|x86.ActiveCfg = Release|Any CPU
		{6B37CA28-39C5-412D-B9C3-395BF96443AE}.Release|x86.Build.0 = Release|Any CPU
		{7943AE90-4CBC-4356-8B5E-DBD20607BE40}.Debug|Any CPU.ActiveCfg = Debug|Any CPU
		{7943AE90-4CBC-4356-8B5E-DBD20607BE40}.Debug|Any CPU.Build.0 = Debug|Any CPU
		{7943AE90-4CBC-4356-8B5E-DBD20607BE40}.Debug|x64.ActiveCfg = Debug|Any CPU
		{7943AE90-4CBC-4356-8B5E-DBD20607BE40}.Debug|x64.Build.0 = Debug|Any CPU
		{7943AE90-4CBC-4356-8B5E-DBD20607BE40}.Debug|x86.ActiveCfg = Debug|Any CPU
		{7943AE90-4CBC-4356-8B5E-DBD20607BE40}.Debug|x86.Build.0 = Debug|Any CPU
		{7943AE90-4CBC-4356-8B5E-DBD20607BE40}.Release|Any CPU.ActiveCfg = Release|Any CPU
		{7943AE90-4CBC-4356-8B5E-DBD20607BE40}.Release|Any CPU.Build.0 = Release|Any CPU
		{7943AE90-4CBC-4356-8B5E-DBD20607BE40}.Release|x64.ActiveCfg = Release|Any CPU
		{7943AE90-4CBC-4356-8B5E-DBD20607BE40}.Release|x64.Build.0 = Release|Any CPU
		{7943AE90-4CBC-4356-8B5E-DBD20607BE40}.Release|x86.ActiveCfg = Release|Any CPU
		{7943AE90-4CBC-4356-8B5E-DBD20607BE40}.Release|x86.Build.0 = Release|Any CPU
	EndGlobalSection
	GlobalSection(SolutionProperties) = preSolution
		HideSolutionNode = FALSE
	EndGlobalSection
	GlobalSection(NestedProjects) = preSolution
		{83022EC3-FF29-4E95-858D-AEAE0FAB41F0} = {403D5C58-1540-4340-ABB1-A1AB363EC065}
	EndGlobalSection
	GlobalSection(ExtensibilityGlobals) = postSolution
		SolutionGuid = {70A366A5-542A-49F9-A9B1-823D110758D6}
	EndGlobalSection
EndGlobal
